
Microsoft Visual Studio Solution File, Format Version 12.00
# Visual Studio 15
VisualStudioVersion = 15.0.28307.329
MinimumVisualStudioVersion = 10.0.40219.1
Project("{2150E333-8FDC-42A3-9474-1A3956D46DE8}") = "N1", "N1", "{E8EFE98F-C328-4F86-A500-07289F6D4560}"
EndProject
Project("{9A19103F-16F7-4668-BE54-9A1E7A4F7556}") = "ForLause", "Nädal 2\ForLause\ForLause.csproj", "{450925B8-38B9-478D-A4E1-0F9E7CB6FB3C}"
EndProject
Project("{9A19103F-16F7-4668-BE54-9A1E7A4F7556}") = "UnderstandigScope", "Nädal 1\UnderstandigScope\UnderstandigScope.csproj", "{A7921524-D62F-4C90-8C24-AFB24B91CB06}"
EndProject
Project("{9A19103F-16F7-4668-BE54-9A1E7A4F7556}") = "AssmebliesAndNameSpaces", "Nädal 2\AssmebliesAndNameSpaces\AssmebliesAndNameSpaces.csproj", "{E5DCA016-F762-43F9-AED8-BAAE310D7685}"
EndProject
Project("{9A19103F-16F7-4668-BE54-9A1E7A4F7556}") = "MyCodeLibrary", "Nädal 2\MyCodeLibrary\MyCodeLibrary.csproj", "{BA219267-A48D-449D-9B8D-167FCA615397}"
EndProject
Project("{FAE04EC0-301F-11D3-BF4B-00C04F79EFBC}") = "WorkingWithCollections", "Nädal 1\WorkingWithCollections\WorkingWithCollections.csproj", "{F82C41A7-4A69-4C4B-9AE6-57F8830CC33B}"
EndProject
Project("{FAE04EC0-301F-11D3-BF4B-00C04F79EFBC}") = "EnumusAndSwitch", "Nädal 2\EnumusAndSwitch\EnumusAndSwitch.csproj", "{2EAE3C1F-AC17-4A97-9438-755D96C90AFC}"
EndProject
Project("{FAE04EC0-301F-11D3-BF4B-00C04F79EFBC}") = "TimerExample", "Nädal 1\TimerExample\TimerExample.csproj", "{FBA4EC89-987D-49DF-91DB-CD64E9E8B15A}"
EndProject
Project("{2150E333-8FDC-42A3-9474-1A3956D46DE8}") = "N4", "N4", "{077C0F68-70EA-4975-AD93-6FEAB1F30C81}"
EndProject
Project("{9A19103F-16F7-4668-BE54-9A1E7A4F7556}") = "WebApplication1", "Nädal 4\WebApplication1\WebApplication1.csproj", "{827CD13E-A1EF-42E7-A359-9676E1479578}"
EndProject
Project("{FAE04EC0-301F-11D3-BF4B-00C04F79EFBC}") = "Facade", "Nädal 4\Facade\Facade.csproj", "{C343133E-FB59-4A7A-9E3C-6F89CDC20766}"
EndProject
Project("{FAE04EC0-301F-11D3-BF4B-00C04F79EFBC}") = "Core", "Nädal 4\Core\Core.csproj", "{E934D256-96A3-4B78-82AB-17D04B0C1087}"
EndProject
Project("{9A19103F-16F7-4668-BE54-9A1E7A4F7556}") = "Infra", "Nädal 4\Infra\Infra.csproj", "{96B89CE2-7979-4215-AE32-0AF3EA1E0813}"
EndProject
Project("{2150E333-8FDC-42A3-9474-1A3956D46DE8}") = "N5", "N5", "{46B260D3-C385-4B89-8807-5C3B1EAC5178}"
EndProject
Project("{9A19103F-16F7-4668-BE54-9A1E7A4F7556}") = "ContosoUniversity1", "Nädal 5\ContosoUniversity1\ContosoUniversity1.csproj", "{9D0BD2F8-C776-44D2-8E11-95FA01079CEB}"
EndProject
Project("{2150E333-8FDC-42A3-9474-1A3956D46DE8}") = "N6", "N6", "{641346FC-73E4-4329-BE7B-5299D8ED20A4}"
EndProject
Project("{9A19103F-16F7-4668-BE54-9A1E7A4F7556}") = "RazorPageMovies", "RazorPagesMovie\RazorPageMovies.csproj", "{640862CC-DA22-4080-98D3-8FC672FE904B}"
EndProject
Project("{FAE04EC0-301F-11D3-BF4B-00C04F79EFBC}") = "Tests", "Tests\Tests.csproj", "{29BA4372-1C48-4863-8FB7-E2A920DB947C}"
EndProject
Global
	GlobalSection(SolutionConfigurationPlatforms) = preSolution
		Debug|Any CPU = Debug|Any CPU
		Release|Any CPU = Release|Any CPU
	EndGlobalSection
	GlobalSection(ProjectConfigurationPlatforms) = postSolution
		{450925B8-38B9-478D-A4E1-0F9E7CB6FB3C}.Debug|Any CPU.ActiveCfg = Debug|Any CPU
		{450925B8-38B9-478D-A4E1-0F9E7CB6FB3C}.Debug|Any CPU.Build.0 = Debug|Any CPU
		{450925B8-38B9-478D-A4E1-0F9E7CB6FB3C}.Release|Any CPU.ActiveCfg = Release|Any CPU
		{450925B8-38B9-478D-A4E1-0F9E7CB6FB3C}.Release|Any CPU.Build.0 = Release|Any CPU
		{A7921524-D62F-4C90-8C24-AFB24B91CB06}.Debug|Any CPU.ActiveCfg = Debug|Any CPU
		{A7921524-D62F-4C90-8C24-AFB24B91CB06}.Debug|Any CPU.Build.0 = Debug|Any CPU
		{A7921524-D62F-4C90-8C24-AFB24B91CB06}.Release|Any CPU.ActiveCfg = Release|Any CPU
		{A7921524-D62F-4C90-8C24-AFB24B91CB06}.Release|Any CPU.Build.0 = Release|Any CPU
		{E5DCA016-F762-43F9-AED8-BAAE310D7685}.Debug|Any CPU.ActiveCfg = Debug|Any CPU
		{E5DCA016-F762-43F9-AED8-BAAE310D7685}.Debug|Any CPU.Build.0 = Debug|Any CPU
		{E5DCA016-F762-43F9-AED8-BAAE310D7685}.Release|Any CPU.ActiveCfg = Release|Any CPU
		{E5DCA016-F762-43F9-AED8-BAAE310D7685}.Release|Any CPU.Build.0 = Release|Any CPU
		{BA219267-A48D-449D-9B8D-167FCA615397}.Debug|Any CPU.ActiveCfg = Debug|Any CPU
		{BA219267-A48D-449D-9B8D-167FCA615397}.Debug|Any CPU.Build.0 = Debug|Any CPU
		{BA219267-A48D-449D-9B8D-167FCA615397}.Release|Any CPU.ActiveCfg = Release|Any CPU
		{BA219267-A48D-449D-9B8D-167FCA615397}.Release|Any CPU.Build.0 = Release|Any CPU
		{F82C41A7-4A69-4C4B-9AE6-57F8830CC33B}.Debug|Any CPU.ActiveCfg = Debug|Any CPU
		{F82C41A7-4A69-4C4B-9AE6-57F8830CC33B}.Debug|Any CPU.Build.0 = Debug|Any CPU
		{F82C41A7-4A69-4C4B-9AE6-57F8830CC33B}.Release|Any CPU.ActiveCfg = Release|Any CPU
		{F82C41A7-4A69-4C4B-9AE6-57F8830CC33B}.Release|Any CPU.Build.0 = Release|Any CPU
		{2EAE3C1F-AC17-4A97-9438-755D96C90AFC}.Debug|Any CPU.ActiveCfg = Debug|Any CPU
		{2EAE3C1F-AC17-4A97-9438-755D96C90AFC}.Debug|Any CPU.Build.0 = Debug|Any CPU
		{2EAE3C1F-AC17-4A97-9438-755D96C90AFC}.Release|Any CPU.ActiveCfg = Release|Any CPU
		{2EAE3C1F-AC17-4A97-9438-755D96C90AFC}.Release|Any CPU.Build.0 = Release|Any CPU
		{FBA4EC89-987D-49DF-91DB-CD64E9E8B15A}.Debug|Any CPU.ActiveCfg = Debug|Any CPU
		{FBA4EC89-987D-49DF-91DB-CD64E9E8B15A}.Debug|Any CPU.Build.0 = Debug|Any CPU
		{FBA4EC89-987D-49DF-91DB-CD64E9E8B15A}.Release|Any CPU.ActiveCfg = Release|Any CPU
		{FBA4EC89-987D-49DF-91DB-CD64E9E8B15A}.Release|Any CPU.Build.0 = Release|Any CPU
		{827CD13E-A1EF-42E7-A359-9676E1479578}.Debug|Any CPU.ActiveCfg = Debug|Any CPU
		{827CD13E-A1EF-42E7-A359-9676E1479578}.Debug|Any CPU.Build.0 = Debug|Any CPU
		{827CD13E-A1EF-42E7-A359-9676E1479578}.Release|Any CPU.ActiveCfg = Release|Any CPU
		{827CD13E-A1EF-42E7-A359-9676E1479578}.Release|Any CPU.Build.0 = Release|Any CPU
		{C343133E-FB59-4A7A-9E3C-6F89CDC20766}.Debug|Any CPU.ActiveCfg = Debug|Any CPU
		{C343133E-FB59-4A7A-9E3C-6F89CDC20766}.Debug|Any CPU.Build.0 = Debug|Any CPU
		{C343133E-FB59-4A7A-9E3C-6F89CDC20766}.Release|Any CPU.ActiveCfg = Release|Any CPU
		{C343133E-FB59-4A7A-9E3C-6F89CDC20766}.Release|Any CPU.Build.0 = Release|Any CPU
		{E934D256-96A3-4B78-82AB-17D04B0C1087}.Debug|Any CPU.ActiveCfg = Debug|Any CPU
		{E934D256-96A3-4B78-82AB-17D04B0C1087}.Debug|Any CPU.Build.0 = Debug|Any CPU
		{E934D256-96A3-4B78-82AB-17D04B0C1087}.Release|Any CPU.ActiveCfg = Release|Any CPU
		{E934D256-96A3-4B78-82AB-17D04B0C1087}.Release|Any CPU.Build.0 = Release|Any CPU
		{96B89CE2-7979-4215-AE32-0AF3EA1E0813}.Debug|Any CPU.ActiveCfg = Debug|Any CPU
		{96B89CE2-7979-4215-AE32-0AF3EA1E0813}.Debug|Any CPU.Build.0 = Debug|Any CPU
		{96B89CE2-7979-4215-AE32-0AF3EA1E0813}.Release|Any CPU.ActiveCfg = Release|Any CPU
		{96B89CE2-7979-4215-AE32-0AF3EA1E0813}.Release|Any CPU.Build.0 = Release|Any CPU
		{9D0BD2F8-C776-44D2-8E11-95FA01079CEB}.Debug|Any CPU.ActiveCfg = Debug|Any CPU
		{9D0BD2F8-C776-44D2-8E11-95FA01079CEB}.Debug|Any CPU.Build.0 = Debug|Any CPU
		{9D0BD2F8-C776-44D2-8E11-95FA01079CEB}.Release|Any CPU.ActiveCfg = Release|Any CPU
		{9D0BD2F8-C776-44D2-8E11-95FA01079CEB}.Release|Any CPU.Build.0 = Release|Any CPU
		{640862CC-DA22-4080-98D3-8FC672FE904B}.Debug|Any CPU.ActiveCfg = Debug|Any CPU
		{640862CC-DA22-4080-98D3-8FC672FE904B}.Debug|Any CPU.Build.0 = Debug|Any CPU
		{640862CC-DA22-4080-98D3-8FC672FE904B}.Release|Any CPU.ActiveCfg = Release|Any CPU
		{640862CC-DA22-4080-98D3-8FC672FE904B}.Release|Any CPU.Build.0 = Release|Any CPU
		{29BA4372-1C48-4863-8FB7-E2A920DB947C}.Debug|Any CPU.ActiveCfg = Debug|Any CPU
		{29BA4372-1C48-4863-8FB7-E2A920DB947C}.Debug|Any CPU.Build.0 = Debug|Any CPU
		{29BA4372-1C48-4863-8FB7-E2A920DB947C}.Release|Any CPU.ActiveCfg = Release|Any CPU
		{29BA4372-1C48-4863-8FB7-E2A920DB947C}.Release|Any CPU.Build.0 = Release|Any CPU
	EndGlobalSection
	GlobalSection(SolutionProperties) = preSolution
		HideSolutionNode = FALSE
	EndGlobalSection
	GlobalSection(NestedProjects) = preSolution
		{450925B8-38B9-478D-A4E1-0F9E7CB6FB3C} = {E8EFE98F-C328-4F86-A500-07289F6D4560}
		{A7921524-D62F-4C90-8C24-AFB24B91CB06} = {E8EFE98F-C328-4F86-A500-07289F6D4560}
		{E5DCA016-F762-43F9-AED8-BAAE310D7685} = {E8EFE98F-C328-4F86-A500-07289F6D4560}
		{BA219267-A48D-449D-9B8D-167FCA615397} = {E8EFE98F-C328-4F86-A500-07289F6D4560}
		{F82C41A7-4A69-4C4B-9AE6-57F8830CC33B} = {E8EFE98F-C328-4F86-A500-07289F6D4560}
		{2EAE3C1F-AC17-4A97-9438-755D96C90AFC} = {E8EFE98F-C328-4F86-A500-07289F6D4560}
		{FBA4EC89-987D-49DF-91DB-CD64E9E8B15A} = {E8EFE98F-C328-4F86-A500-07289F6D4560}
		{827CD13E-A1EF-42E7-A359-9676E1479578} = {077C0F68-70EA-4975-AD93-6FEAB1F30C81}
		{C343133E-FB59-4A7A-9E3C-6F89CDC20766} = {077C0F68-70EA-4975-AD93-6FEAB1F30C81}
		{E934D256-96A3-4B78-82AB-17D04B0C1087} = {077C0F68-70EA-4975-AD93-6FEAB1F30C81}
		{96B89CE2-7979-4215-AE32-0AF3EA1E0813} = {077C0F68-70EA-4975-AD93-6FEAB1F30C81}
		{9D0BD2F8-C776-44D2-8E11-95FA01079CEB} = {46B260D3-C385-4B89-8807-5C3B1EAC5178}
		{640862CC-DA22-4080-98D3-8FC672FE904B} = {641346FC-73E4-4329-BE7B-5299D8ED20A4}
		{29BA4372-1C48-4863-8FB7-E2A920DB947C} = {077C0F68-70EA-4975-AD93-6FEAB1F30C81}
	EndGlobalSection
	GlobalSection(ExtensibilityGlobals) = postSolution
		SolutionGuid = {2E4A1B0F-A518-44BE-9FC7-C6DF1DFF9B11}
	EndGlobalSection
EndGlobal
